
Microsoft Visual Studio Solution File, Format Version 12.00
# Visual Studio 15
VisualStudioVersion = 15.0.28010.2016
MinimumVisualStudioVersion = 10.0.40219.1
Project("{FAE04EC0-301F-11D3-BF4B-00C04F79EFBC}") = "QLCF", "QLCF\QLCF.csproj", "{0941298A-7D70-463D-A9C6-840318EC52D8}"
EndProject
Global
	GlobalSection(SolutionConfigurationPlatforms) = preSolution
		Debug|Any CPU = Debug|Any CPU
		Release|Any CPU = Release|Any CPU
	EndGlobalSection
	GlobalSection(ProjectConfigurationPlatforms) = postSolution
		{0941298A-7D70-463D-A9C6-840318EC52D8}.Debug|Any CPU.ActiveCfg = Debug|Any CPU
		{0941298A-7D70-463D-A9C6-840318EC52D8}.Debug|Any CPU.Build.0 = Debug|Any CPU
		{0941298A-7D70-463D-A9C6-840318EC52D8}.Release|Any CPU.ActiveCfg = Release|Any CPU
		{0941298A-7D70-463D-A9C6-840318EC52D8}.Release|Any CPU.Build.0 = Release|Any CPU
	EndGlobalSection
	GlobalSection(SolutionProperties) = preSolution
		HideSolutionNode = FALSE
	EndGlobalSection
	GlobalSection(ExtensibilityGlobals) = postSolution
		SolutionGuid = {DF72A63B-D6EE-49DB-8EEE-A5C2F56D450C}
	EndGlobalSection
EndGlobal
